
Microsoft Visual Studio Solution File, Format Version 12.00
# Visual Studio Version 17
VisualStudioVersion = 17.1.31903.286
MinimumVisualStudioVersion = 10.0.40219.1
Project("{9A19103F-16F7-4668-BE54-9A1E7A4F7556}") = "sample", "sample.csproj", "{1D29BA89-27B5-4F86-9849-21782AB3671C}"
EndProject
Project("{9A19103F-16F7-4668-BE54-9A1E7A4F7556}") = "Microsoft.Azure.WebJobs.Extensions.SignalRService", "..\src\Microsoft.Azure.WebJobs.Extensions.SignalRService.csproj", "{BB112BB6-3C38-4961-9CEC-968BBE0DBD60}"
EndProject
Global
	GlobalSection(SolutionConfigurationPlatforms) = preSolution
		Debug|Any CPU = Debug|Any CPU
		Release|Any CPU = Release|Any CPU
	EndGlobalSection
	GlobalSection(ProjectConfigurationPlatforms) = postSolution
		{1D29BA89-27B5-4F86-9849-21782AB3671C}.Debug|Any CPU.ActiveCfg = Debug|Any CPU
		{1D29BA89-27B5-4F86-9849-21782AB3671C}.Debug|Any CPU.Build.0 = Debug|Any CPU
		{1D29BA89-27B5-4F86-9849-21782AB3671C}.Release|Any CPU.ActiveCfg = Release|Any CPU
		{1D29BA89-27B5-4F86-9849-21782AB3671C}.Release|Any CPU.Build.0 = Release|Any CPU
		{BB112BB6-3C38-4961-9CEC-968BBE0DBD60}.Debug|Any CPU.ActiveCfg = Debug|Any CPU
		{BB112BB6-3C38-4961-9CEC-968BBE0DBD60}.Debug|Any CPU.Build.0 = Debug|Any CPU
		{BB112BB6-3C38-4961-9CEC-968BBE0DBD60}.Release|Any CPU.ActiveCfg = Release|Any CPU
		{BB112BB6-3C38-4961-9CEC-968BBE0DBD60}.Release|Any CPU.Build.0 = Release|Any CPU
	EndGlobalSection
	GlobalSection(SolutionProperties) = preSolution
		HideSolutionNode = FALSE
	EndGlobalSection
	GlobalSection(ExtensibilityGlobals) = postSolution
		SolutionGuid = {711502B3-7E60-4062-BA5A-A15E6669D0FC}
	EndGlobalSection
EndGlobal
